
Microsoft Visual Studio Solution File, Format Version 12.00
# Visual Studio Version 17
VisualStudioVersion = 17.8.34511.84
MinimumVisualStudioVersion = 10.0.40219.1
Project("{FAE04EC0-301F-11D3-BF4B-00C04F79EFBC}") = "OrderSalesApp", "OrderSalesApp\OrderSalesApp\OrderSalesApp.csproj", "{50AF6637-7AB4-4C01-B70D-7A3935309213}"
EndProject
Project("{FAE04EC0-301F-11D3-BF4B-00C04F79EFBC}") = "OrderSalesApp.Client", "OrderSalesApp\OrderSalesApp.Client\OrderSalesApp.Client.csproj", "{B0D66D66-B049-430B-9EC5-33BC2FD4255E}"
EndProject
Project("{FAE04EC0-301F-11D3-BF4B-00C04F79EFBC}") = "OrderSalesApp.Shared", "OrderSalesApp.Shared\OrderSalesApp.Shared.csproj", "{3462FD2E-F0E8-4442-9FC4-8298D0A160A8}"
EndProject
Global
	GlobalSection(SolutionConfigurationPlatforms) = preSolution
		Debug|Any CPU = Debug|Any CPU
		Release|Any CPU = Release|Any CPU
	EndGlobalSection
	GlobalSection(ProjectConfigurationPlatforms) = postSolution
		{50AF6637-7AB4-4C01-B70D-7A3935309213}.Debug|Any CPU.ActiveCfg = Debug|Any CPU
		{50AF6637-7AB4-4C01-B70D-7A3935309213}.Debug|Any CPU.Build.0 = Debug|Any CPU
		{50AF6637-7AB4-4C01-B70D-7A3935309213}.Release|Any CPU.ActiveCfg = Release|Any CPU
		{50AF6637-7AB4-4C01-B70D-7A3935309213}.Release|Any CPU.Build.0 = Release|Any CPU
		{B0D66D66-B049-430B-9EC5-33BC2FD4255E}.Debug|Any CPU.ActiveCfg = Debug|Any CPU
		{B0D66D66-B049-430B-9EC5-33BC2FD4255E}.Debug|Any CPU.Build.0 = Debug|Any CPU
		{B0D66D66-B049-430B-9EC5-33BC2FD4255E}.Release|Any CPU.ActiveCfg = Release|Any CPU
		{B0D66D66-B049-430B-9EC5-33BC2FD4255E}.Release|Any CPU.Build.0 = Release|Any CPU
		{3462FD2E-F0E8-4442-9FC4-8298D0A160A8}.Debug|Any CPU.ActiveCfg = Debug|Any CPU
		{3462FD2E-F0E8-4442-9FC4-8298D0A160A8}.Debug|Any CPU.Build.0 = Debug|Any CPU
		{3462FD2E-F0E8-4442-9FC4-8298D0A160A8}.Release|Any CPU.ActiveCfg = Release|Any CPU
		{3462FD2E-F0E8-4442-9FC4-8298D0A160A8}.Release|Any CPU.Build.0 = Release|Any CPU
	EndGlobalSection
	GlobalSection(SolutionProperties) = preSolution
		HideSolutionNode = FALSE
	EndGlobalSection
	GlobalSection(ExtensibilityGlobals) = postSolution
		SolutionGuid = {809FE8DE-0A9D-480B-8E06-8111304C3335}
	EndGlobalSection
EndGlobal
